// !$*UTF8*$!
{
	archiveVersion = 1;
	classes = {
	};
	objectVersion = 56;
	objects = {

/* Begin PBXBuildFile section */
		FE2092322B38BEFA00F11E3E /* HomeCoordinator.swift in Sources */ = {isa = PBXBuildFile; fileRef = FE2092312B38BEFA00F11E3E /* HomeCoordinator.swift */; };
		FE2092342B38BF2A00F11E3E /* HomeCoordinatorProtocol.swift in Sources */ = {isa = PBXBuildFile; fileRef = FE2092332B38BF2A00F11E3E /* HomeCoordinatorProtocol.swift */; };
		FE2092362B38C0EC00F11E3E /* HomeViewController.swift in Sources */ = {isa = PBXBuildFile; fileRef = FE2092352B38C0EC00F11E3E /* HomeViewController.swift */; };
		FE8070432B3847BD00E63873 /* AppDelegate.swift in Sources */ = {isa = PBXBuildFile; fileRef = FE8070422B3847BD00E63873 /* AppDelegate.swift */; };
		FE8070472B3847BD00E63873 /* MainViewController.swift in Sources */ = {isa = PBXBuildFile; fileRef = FE8070462B3847BD00E63873 /* MainViewController.swift */; };
		FE80704A2B3847BD00E63873 /* Main.storyboard in Resources */ = {isa = PBXBuildFile; fileRef = FE8070482B3847BD00E63873 /* Main.storyboard */; };
		FE80704C2B3847BF00E63873 /* Assets.xcassets in Resources */ = {isa = PBXBuildFile; fileRef = FE80704B2B3847BF00E63873 /* Assets.xcassets */; };
		FE80704F2B3847BF00E63873 /* LaunchScreen.storyboard in Resources */ = {isa = PBXBuildFile; fileRef = FE80704D2B3847BF00E63873 /* LaunchScreen.storyboard */; };
		FE8070572B38503C00E63873 /* Coordinator.swift in Sources */ = {isa = PBXBuildFile; fileRef = FE8070562B38503C00E63873 /* Coordinator.swift */; };
		FE80705A2B3860AE00E63873 /* MainCoordinatorProtocol.swift in Sources */ = {isa = PBXBuildFile; fileRef = FE8070592B3860AE00E63873 /* MainCoordinatorProtocol.swift */; };
		FE80705C2B3862F800E63873 /* MainCoordinator.swift in Sources */ = {isa = PBXBuildFile; fileRef = FE80705B2B3862F800E63873 /* MainCoordinator.swift */; };
		FE80705F2B386BF700E63873 /* UIViewController+Extensions.swift in Sources */ = {isa = PBXBuildFile; fileRef = FE80705E2B386BF700E63873 /* UIViewController+Extensions.swift */; };
		FE8070612B386E6300E63873 /* SignInViewController.swift in Sources */ = {isa = PBXBuildFile; fileRef = FE8070602B386E6300E63873 /* SignInViewController.swift */; };
		FE8070632B386E6B00E63873 /* RegisterViewController.swift in Sources */ = {isa = PBXBuildFile; fileRef = FE8070622B386E6B00E63873 /* RegisterViewController.swift */; };
/* End PBXBuildFile section */

/* Begin PBXFileReference section */
		FE2092312B38BEFA00F11E3E /* HomeCoordinator.swift */ = {isa = PBXFileReference; lastKnownFileType = sourcecode.swift; path = HomeCoordinator.swift; sourceTree = "<group>"; };
		FE2092332B38BF2A00F11E3E /* HomeCoordinatorProtocol.swift */ = {isa = PBXFileReference; lastKnownFileType = sourcecode.swift; path = HomeCoordinatorProtocol.swift; sourceTree = "<group>"; };
		FE2092352B38C0EC00F11E3E /* HomeViewController.swift */ = {isa = PBXFileReference; lastKnownFileType = sourcecode.swift; path = HomeViewController.swift; sourceTree = "<group>"; };
		FE80703F2B3847BD00E63873 /* CoordinatorDemo.app */ = {isa = PBXFileReference; explicitFileType = wrapper.application; includeInIndex = 0; path = CoordinatorDemo.app; sourceTree = BUILT_PRODUCTS_DIR; };
		FE8070422B3847BD00E63873 /* AppDelegate.swift */ = {isa = PBXFileReference; lastKnownFileType = sourcecode.swift; path = AppDelegate.swift; sourceTree = "<group>"; };
		FE8070462B3847BD00E63873 /* MainViewController.swift */ = {isa = PBXFileReference; lastKnownFileType = sourcecode.swift; path = MainViewController.swift; sourceTree = "<group>"; };
		FE8070492B3847BD00E63873 /* Base */ = {isa = PBXFileReference; lastKnownFileType = file.storyboard; name = Base; path = Base.lproj/Main.storyboard; sourceTree = "<group>"; };
		FE80704B2B3847BF00E63873 /* Assets.xcassets */ = {isa = PBXFileReference; lastKnownFileType = folder.assetcatalog; path = Assets.xcassets; sourceTree = "<group>"; };
		FE80704E2B3847BF00E63873 /* Base */ = {isa = PBXFileReference; lastKnownFileType = file.storyboard; name = Base; path = Base.lproj/LaunchScreen.storyboard; sourceTree = "<group>"; };
		FE8070502B3847BF00E63873 /* Info.plist */ = {isa = PBXFileReference; lastKnownFileType = text.plist.xml; path = Info.plist; sourceTree = "<group>"; };
		FE8070562B38503C00E63873 /* Coordinator.swift */ = {isa = PBXFileReference; lastKnownFileType = sourcecode.swift; path = Coordinator.swift; sourceTree = "<group>"; };
		FE8070592B3860AE00E63873 /* MainCoordinatorProtocol.swift */ = {isa = PBXFileReference; lastKnownFileType = sourcecode.swift; path = MainCoordinatorProtocol.swift; sourceTree = "<group>"; };
		FE80705B2B3862F800E63873 /* MainCoordinator.swift */ = {isa = PBXFileReference; lastKnownFileType = sourcecode.swift; path = MainCoordinator.swift; sourceTree = "<group>"; };
		FE80705E2B386BF700E63873 /* UIViewController+Extensions.swift */ = {isa = PBXFileReference; lastKnownFileType = sourcecode.swift; path = "UIViewController+Extensions.swift"; sourceTree = "<group>"; };
		FE8070602B386E6300E63873 /* SignInViewController.swift */ = {isa = PBXFileReference; lastKnownFileType = sourcecode.swift; path = SignInViewController.swift; sourceTree = "<group>"; };
		FE8070622B386E6B00E63873 /* RegisterViewController.swift */ = {isa = PBXFileReference; lastKnownFileType = sourcecode.swift; path = RegisterViewController.swift; sourceTree = "<group>"; };
/* End PBXFileReference section */

/* Begin PBXFrameworksBuildPhase section */
		FE80703C2B3847BD00E63873 /* Frameworks */ = {
			isa = PBXFrameworksBuildPhase;
			buildActionMask = 2147483647;
			files = (
			);
			runOnlyForDeploymentPostprocessing = 0;
		};
/* End PBXFrameworksBuildPhase section */

/* Begin PBXGroup section */
		FE2092302B38BEEB00F11E3E /* Home */ = {
			isa = PBXGroup;
			children = (
				FE2092312B38BEFA00F11E3E /* HomeCoordinator.swift */,
				FE2092332B38BF2A00F11E3E /* HomeCoordinatorProtocol.swift */,
				FE2092352B38C0EC00F11E3E /* HomeViewController.swift */,
			);
			path = Home;
			sourceTree = "<group>";
		};
		FE2092372B38C93F00F11E3E /* App */ = {
			isa = PBXGroup;
			children = (
				FE8070422B3847BD00E63873 /* AppDelegate.swift */,
			);
			path = App;
			sourceTree = "<group>";
		};
		FE8070362B3847BD00E63873 = {
			isa = PBXGroup;
			children = (
				FE8070412B3847BD00E63873 /* CoordinatorDemo */,
				FE8070402B3847BD00E63873 /* Products */,
			);
			sourceTree = "<group>";
		};
		FE8070402B3847BD00E63873 /* Products */ = {
			isa = PBXGroup;
			children = (
				FE80703F2B3847BD00E63873 /* CoordinatorDemo.app */,
			);
			name = Products;
			sourceTree = "<group>";
		};
		FE8070412B3847BD00E63873 /* CoordinatorDemo */ = {
			isa = PBXGroup;
			children = (
				FE2092372B38C93F00F11E3E /* App */,
				FE8070582B385C3C00E63873 /* Coordinator */,
				FE8070642B386E7800E63873 /* ViewControllers */,
				FE80705D2B386BE600E63873 /* Extensions */,
				FE8070482B3847BD00E63873 /* Main.storyboard */,
				FE80704B2B3847BF00E63873 /* Assets.xcassets */,
				FE80704D2B3847BF00E63873 /* LaunchScreen.storyboard */,
				FE8070502B3847BF00E63873 /* Info.plist */,
			);
			path = CoordinatorDemo;
			sourceTree = "<group>";
		};
		FE8070582B385C3C00E63873 /* Coordinator */ = {
			isa = PBXGroup;
			children = (
				FE8070562B38503C00E63873 /* Coordinator.swift */,
				FE8070592B3860AE00E63873 /* MainCoordinatorProtocol.swift */,
				FE80705B2B3862F800E63873 /* MainCoordinator.swift */,
			);
			path = Coordinator;
			sourceTree = "<group>";
		};
		FE80705D2B386BE600E63873 /* Extensions */ = {
			isa = PBXGroup;
			children = (
				FE80705E2B386BF700E63873 /* UIViewController+Extensions.swift */,
			);
			path = Extensions;
			sourceTree = "<group>";
		};
		FE8070642B386E7800E63873 /* ViewControllers */ = {
			isa = PBXGroup;
			children = (
				FE8070602B386E6300E63873 /* SignInViewController.swift */,
				FE8070622B386E6B00E63873 /* RegisterViewController.swift */,
				FE8070462B3847BD00E63873 /* MainViewController.swift */,
				FE2092302B38BEEB00F11E3E /* Home */,
			);
			path = ViewControllers;
			sourceTree = "<group>";
		};
/* End PBXGroup section */

/* Begin PBXNativeTarget section */
		FE80703E2B3847BD00E63873 /* CoordinatorDemo */ = {
			isa = PBXNativeTarget;
			buildConfigurationList = FE8070532B3847BF00E63873 /* Build configuration list for PBXNativeTarget "CoordinatorDemo" */;
			buildPhases = (
				FE80703B2B3847BD00E63873 /* Sources */,
				FE80703C2B3847BD00E63873 /* Frameworks */,
				FE80703D2B3847BD00E63873 /* Resources */,
			);
			buildRules = (
			);
			dependencies = (
			);
			name = CoordinatorDemo;
			productName = CoordinatorDemo;
			productReference = FE80703F2B3847BD00E63873 /* CoordinatorDemo.app */;
			productType = "com.apple.product-type.application";
		};
/* End PBXNativeTarget section */

/* Begin PBXProject section */
		FE8070372B3847BD00E63873 /* Project object */ = {
			isa = PBXProject;
			attributes = {
				BuildIndependentTargetsInParallel = 1;
				LastSwiftUpdateCheck = 1500;
				LastUpgradeCheck = 1500;
				TargetAttributes = {
					FE80703E2B3847BD00E63873 = {
						CreatedOnToolsVersion = 15.0.1;
					};
				};
			};
			buildConfigurationList = FE80703A2B3847BD00E63873 /* Build configuration list for PBXProject "CoordinatorDemo" */;
			compatibilityVersion = "Xcode 14.0";
			developmentRegion = en;
			hasScannedForEncodings = 0;
			knownRegions = (
				en,
				Base,
			);
			mainGroup = FE8070362B3847BD00E63873;
			productRefGroup = FE8070402B3847BD00E63873 /* Products */;
			projectDirPath = "";
			projectRoot = "";
			targets = (
				FE80703E2B3847BD00E63873 /* CoordinatorDemo */,
			);
		};
/* End PBXProject section */

/* Begin PBXResourcesBuildPhase section */
		FE80703D2B3847BD00E63873 /* Resources */ = {
			isa = PBXResourcesBuildPhase;
			buildActionMask = 2147483647;
			files = (
				FE80704F2B3847BF00E63873 /* LaunchScreen.storyboard in Resources */,
				FE80704C2B3847BF00E63873 /* Assets.xcassets in Resources */,
				FE80704A2B3847BD00E63873 /* Main.storyboard in Resources */,
			);
			runOnlyForDeploymentPostprocessing = 0;
		};
/* End PBXResourcesBuildPhase section */

/* Begin PBXSourcesBuildPhase section */
		FE80703B2B3847BD00E63873 /* Sources */ = {
			isa = PBXSourcesBuildPhase;
			buildActionMask = 2147483647;
			files = (
				FE8070632B386E6B00E63873 /* RegisterViewController.swift in Sources */,
				FE8070572B38503C00E63873 /* Coordinator.swift in Sources */,
				FE2092322B38BEFA00F11E3E /* HomeCoordinator.swift in Sources */,
				FE80705C2B3862F800E63873 /* MainCoordinator.swift in Sources */,
				FE8070472B3847BD00E63873 /* MainViewController.swift in Sources */,
				FE2092342B38BF2A00F11E3E /* HomeCoordinatorProtocol.swift in Sources */,
				FE80705F2B386BF700E63873 /* UIViewController+Extensions.swift in Sources */,
				FE2092362B38C0EC00F11E3E /* HomeViewController.swift in Sources */,
				FE8070612B386E6300E63873 /* SignInViewController.swift in Sources */,
				FE8070432B3847BD00E63873 /* AppDelegate.swift in Sources */,
				FE80705A2B3860AE00E63873 /* MainCoordinatorProtocol.swift in Sources */,
			);
			runOnlyForDeploymentPostprocessing = 0;
		};
/* End PBXSourcesBuildPhase section */

/* Begin PBXVariantGroup section */
		FE8070482B3847BD00E63873 /* Main.storyboard */ = {
			isa = PBXVariantGroup;
			children = (
				FE8070492B3847BD00E63873 /* Base */,
			);
			name = Main.storyboard;
			sourceTree = "<group>";
		};
		FE80704D2B3847BF00E63873 /* LaunchScreen.storyboard */ = {
			isa = PBXVariantGroup;
			children = (
				FE80704E2B3847BF00E63873 /* Base */,
			);
			name = LaunchScreen.storyboard;
			sourceTree = "<group>";
		};
/* End PBXVariantGroup section */

/* Begin XCBuildConfiguration section */
		FE8070512B3847BF00E63873 /* Debug */ = {
			isa = XCBuildConfiguration;
			buildSettings = {
				ALWAYS_SEARCH_USER_PATHS = NO;
				ASSETCATALOG_COMPILER_GENERATE_SWIFT_ASSET_SYMBOL_EXTENSIONS = YES;
				CLANG_ANALYZER_NONNULL = YES;
				CLANG_ANALYZER_NUMBER_OBJECT_CONVERSION = YES_AGGRESSIVE;
				CLANG_CXX_LANGUAGE_STANDARD = "gnu++20";
				CLANG_ENABLE_MODULES = YES;
				CLANG_ENABLE_OBJC_ARC = YES;
				CLANG_ENABLE_OBJC_WEAK = YES;
				CLANG_WARN_BLOCK_CAPTURE_AUTORELEASING = YES;
				CLANG_WARN_BOOL_CONVERSION = YES;
				CLANG_WARN_COMMA = YES;
				CLANG_WARN_CONSTANT_CONVERSION = YES;
				CLANG_WARN_DEPRECATED_OBJC_IMPLEMENTATIONS = YES;
				CLANG_WARN_DIRECT_OBJC_ISA_USAGE = YES_ERROR;
				CLANG_WARN_DOCUMENTATION_COMMENTS = YES;
				CLANG_WARN_EMPTY_BODY = YES;
				CLANG_WARN_ENUM_CONVERSION = YES;
				CLANG_WARN_INFINITE_RECURSION = YES;
				CLANG_WARN_INT_CONVERSION = YES;
				CLANG_WARN_NON_LITERAL_NULL_CONVERSION = YES;
				CLANG_WARN_OBJC_IMPLICIT_RETAIN_SELF = YES;
				CLANG_WARN_OBJC_LITERAL_CONVERSION = YES;
				CLANG_WARN_OBJC_ROOT_CLASS = YES_ERROR;
				CLANG_WARN_QUOTED_INCLUDE_IN_FRAMEWORK_HEADER = YES;
				CLANG_WARN_RANGE_LOOP_ANALYSIS = YES;
				CLANG_WARN_STRICT_PROTOTYPES = YES;
				CLANG_WARN_SUSPICIOUS_MOVE = YES;
				CLANG_WARN_UNGUARDED_AVAILABILITY = YES_AGGRESSIVE;
				CLANG_WARN_UNREACHABLE_CODE = YES;
				CLANG_WARN__DUPLICATE_METHOD_MATCH = YES;
				COPY_PHASE_STRIP = NO;
				DEBUG_INFORMATION_FORMAT = dwarf;
				ENABLE_STRICT_OBJC_MSGSEND = YES;
				ENABLE_TESTABILITY = YES;
				ENABLE_USER_SCRIPT_SANDBOXING = YES;
				GCC_C_LANGUAGE_STANDARD = gnu17;
				GCC_DYNAMIC_NO_PIC = NO;
				GCC_NO_COMMON_BLOCKS = YES;
				GCC_OPTIMIZATION_LEVEL = 0;
				GCC_PREPROCESSOR_DEFINITIONS = (
					"DEBUG=1",
					"$(inherited)",
				);
				GCC_WARN_64_TO_32_BIT_CONVERSION = YES;
				GCC_WARN_ABOUT_RETURN_TYPE = YES_ERROR;
				GCC_WARN_UNDECLARED_SELECTOR = YES;
				GCC_WARN_UNINITIALIZED_AUTOS = YES_AGGRESSIVE;
				GCC_WARN_UNUSED_FUNCTION = YES;
				GCC_WARN_UNUSED_VARIABLE = YES;
				IPHONEOS_DEPLOYMENT_TARGET = 17.0;
				LOCALIZATION_PREFERS_STRING_CATALOGS = YES;
				MTL_ENABLE_DEBUG_INFO = INCLUDE_SOURCE;
				MTL_FAST_MATH = YES;
				ONLY_ACTIVE_ARCH = YES;
				SDKROOT = iphoneos;
				SWIFT_ACTIVE_COMPILATION_CONDITIONS = "DEBUG $(inherited)";
				SWIFT_OPTIMIZATION_LEVEL = "-Onone";
			};
			name = Debug;
		};
		FE8070522B3847BF00E63873 /* Release */ = {
			isa = XCBuildConfiguration;
			buildSettings = {
				ALWAYS_SEARCH_USER_PATHS = NO;
				ASSETCATALOG_COMPILER_GENERATE_SWIFT_ASSET_SYMBOL_EXTENSIONS = YES;
				CLANG_ANALYZER_NONNULL = YES;
				CLANG_ANALYZER_NUMBER_OBJECT_CONVERSION = YES_AGGRESSIVE;
				CLANG_CXX_LANGUAGE_STANDARD = "gnu++20";
				CLANG_ENABLE_MODULES = YES;
				CLANG_ENABLE_OBJC_ARC = YES;
				CLANG_ENABLE_OBJC_WEAK = YES;
				CLANG_WARN_BLOCK_CAPTURE_AUTORELEASING = YES;
				CLANG_WARN_BOOL_CONVERSION = YES;
				CLANG_WARN_COMMA = YES;
				CLANG_WARN_CONSTANT_CONVERSION = YES;
				CLANG_WARN_DEPRECATED_OBJC_IMPLEMENTATIONS = YES;
				CLANG_WARN_DIRECT_OBJC_ISA_USAGE = YES_ERROR;
				CLANG_WARN_DOCUMENTATION_COMMENTS = YES;
				CLANG_WARN_EMPTY_BODY = YES;
				CLANG_WARN_ENUM_CONVERSION = YES;
				CLANG_WARN_INFINITE_RECURSION = YES;
				CLANG_WARN_INT_CONVERSION = YES;
				CLANG_WARN_NON_LITERAL_NULL_CONVERSION = YES;
				CLANG_WARN_OBJC_IMPLICIT_RETAIN_SELF = YES;
				CLANG_WARN_OBJC_LITERAL_CONVERSION = YES;
				CLANG_WARN_OBJC_ROOT_CLASS = YES_ERROR;
				CLANG_WARN_QUOTED_INCLUDE_IN_FRAMEWORK_HEADER = YES;
				CLANG_WARN_RANGE_LOOP_ANALYSIS = YES;
				CLANG_WARN_STRICT_PROTOTYPES = YES;
				CLANG_WARN_SUSPICIOUS_MOVE = YES;
				CLANG_WARN_UNGUARDED_AVAILABILITY = YES_AGGRESSIVE;
				CLANG_WARN_UNREACHABLE_CODE = YES;
				CLANG_WARN__DUPLICATE_METHOD_MATCH = YES;
				COPY_PHASE_STRIP = NO;
				DEBUG_INFORMATION_FORMAT = "dwarf-with-dsym";
				ENABLE_NS_ASSERTIONS = NO;
				ENABLE_STRICT_OBJC_MSGSEND = YES;
				ENABLE_USER_SCRIPT_SANDBOXING = YES;
				GCC_C_LANGUAGE_STANDARD = gnu17;
				GCC_NO_COMMON_BLOCKS = YES;
				GCC_WARN_64_TO_32_BIT_CONVERSION = YES;
				GCC_WARN_ABOUT_RETURN_TYPE = YES_ERROR;
				GCC_WARN_UNDECLARED_SELECTOR = YES;
				GCC_WARN_UNINITIALIZED_AUTOS = YES_AGGRESSIVE;
				GCC_WARN_UNUSED_FUNCTION = YES;
				GCC_WARN_UNUSED_VARIABLE = YES;
				IPHONEOS_DEPLOYMENT_TARGET = 17.0;
				LOCALIZATION_PREFERS_STRING_CATALOGS = YES;
				MTL_ENABLE_DEBUG_INFO = NO;
				MTL_FAST_MATH = YES;
				SDKROOT = iphoneos;
				SWIFT_COMPILATION_MODE = wholemodule;
				VALIDATE_PRODUCT = YES;
			};
			name = Release;
		};
		FE8070542B3847BF00E63873 /* Debug */ = {
			isa = XCBuildConfiguration;
			buildSettings = {
				ASSETCATALOG_COMPILER_APPICON_NAME = AppIcon;
				ASSETCATALOG_COMPILER_GLOBAL_ACCENT_COLOR_NAME = AccentColor;
				CODE_SIGN_STYLE = Automatic;
				CURRENT_PROJECT_VERSION = 1;
				DEVELOPMENT_TEAM = SJJ8DXY36Z;
				GENERATE_INFOPLIST_FILE = YES;
				INFOPLIST_FILE = CoordinatorDemo/Info.plist;
				INFOPLIST_KEY_UIApplicationSupportsIndirectInputEvents = YES;
				INFOPLIST_KEY_UILaunchStoryboardName = LaunchScreen;
				INFOPLIST_KEY_UISupportedInterfaceOrientations_iPad = "UIInterfaceOrientationPortrait UIInterfaceOrientationPortraitUpsideDown UIInterfaceOrientationLandscapeLeft UIInterfaceOrientationLandscapeRight";
				INFOPLIST_KEY_UISupportedInterfaceOrientations_iPhone = "UIInterfaceOrientationPortrait UIInterfaceOrientationLandscapeLeft UIInterfaceOrientationLandscapeRight";
				LD_RUNPATH_SEARCH_PATHS = (
					"$(inherited)",
					"@executable_path/Frameworks",
				);
				MARKETING_VERSION = 1.0;
				PRODUCT_BUNDLE_IDENTIFIER = com.bedirhan.CoordinatorDemo;
				PRODUCT_NAME = "$(TARGET_NAME)";
				SWIFT_EMIT_LOC_STRINGS = YES;
				SWIFT_VERSION = 5.0;
				TARGETED_DEVICE_FAMILY = "1,2";
			};
			name = Debug;
		};
		FE8070552B3847BF00E63873 /* Release */ = {
			isa = XCBuildConfiguration;
			buildSettings = {
				ASSETCATALOG_COMPILER_APPICON_NAME = AppIcon;
				ASSETCATALOG_COMPILER_GLOBAL_ACCENT_COLOR_NAME = AccentColor;
				CODE_SIGN_STYLE = Automatic;
				CURRENT_PROJECT_VERSION = 1;
				DEVELOPMENT_TEAM = SJJ8DXY36Z;
				GENERATE_INFOPLIST_FILE = YES;
				INFOPLIST_FILE = CoordinatorDemo/Info.plist;
				INFOPLIST_KEY_UIApplicationSupportsIndirectInputEvents = YES;
				INFOPLIST_KEY_UILaunchStoryboardName = LaunchScreen;
				INFOPLIST_KEY_UISupportedInterfaceOrientations_iPad = "UIInterfaceOrientationPortrait UIInterfaceOrientationPortraitUpsideDown UIInterfaceOrientationLandscapeLeft UIInterfaceOrientationLandscapeRight";
				INFOPLIST_KEY_UISupportedInterfaceOrientations_iPhone = "UIInterfaceOrientationPortrait UIInterfaceOrientationLandscapeLeft UIInterfaceOrientationLandscapeRight";
				LD_RUNPATH_SEARCH_PATHS = (
					"$(inherited)",
					"@executable_path/Frameworks",
				);
				MARKETING_VERSION = 1.0;
				PRODUCT_BUNDLE_IDENTIFIER = com.bedirhan.CoordinatorDemo;
				PRODUCT_NAME = "$(TARGET_NAME)";
				SWIFT_EMIT_LOC_STRINGS = YES;
				SWIFT_VERSION = 5.0;
				TARGETED_DEVICE_FAMILY = "1,2";
			};
			name = Release;
		};
/* End XCBuildConfiguration section */

/* Begin XCConfigurationList section */
		FE80703A2B3847BD00E63873 /* Build configuration list for PBXProject "CoordinatorDemo" */ = {
			isa = XCConfigurationList;
			buildConfigurations = (
				FE8070512B3847BF00E63873 /* Debug */,
				FE8070522B3847BF00E63873 /* Release */,
			);
			defaultConfigurationIsVisible = 0;
			defaultConfigurationName = Release;
		};
		FE8070532B3847BF00E63873 /* Build configuration list for PBXNativeTarget "CoordinatorDemo" */ = {
			isa = XCConfigurationList;
			buildConfigurations = (
				FE8070542B3847BF00E63873 /* Debug */,
				FE8070552B3847BF00E63873 /* Release */,
			);
			defaultConfigurationIsVisible = 0;
			defaultConfigurationName = Release;
		};
/* End XCConfigurationList section */
	};
	rootObject = FE8070372B3847BD00E63873 /* Project object */;
}
